// !$*UTF8*$!
{
	archiveVersion = 1;
	classes = {
	};
	objectVersion = 50;
	objects = {

/* Begin PBXBuildFile section */
		E10B16CB26A91C6600DD6AF8 /* AppDelegate.swift in Sources */ = {isa = PBXBuildFile; fileRef = E10B16CA26A91C6600DD6AF8 /* AppDelegate.swift */; };
		E10B16CD26A91C6600DD6AF8 /* SceneDelegate.swift in Sources */ = {isa = PBXBuildFile; fileRef = E10B16CC26A91C6600DD6AF8 /* SceneDelegate.swift */; };
		E10B16CF26A91C6600DD6AF8 /* ViewController.swift in Sources */ = {isa = PBXBuildFile; fileRef = E10B16CE26A91C6600DD6AF8 /* ViewController.swift */; };
		E10B16D226A91C6600DD6AF8 /* Main.storyboard in Resources */ = {isa = PBXBuildFile; fileRef = E10B16D026A91C6600DD6AF8 /* Main.storyboard */; };
		E10B16D526A91C6600DD6AF8 /* TourismApp.xcdatamodeld in Sources */ = {isa = PBXBuildFile; fileRef = E10B16D326A91C6600DD6AF8 /* TourismApp.xcdatamodeld */; };
		E10B16D726A91C6700DD6AF8 /* Assets.xcassets in Resources */ = {isa = PBXBuildFile; fileRef = E10B16D626A91C6700DD6AF8 /* Assets.xcassets */; };
		E10B16DA26A91C6700DD6AF8 /* LaunchScreen.storyboard in Resources */ = {isa = PBXBuildFile; fileRef = E10B16D826A91C6700DD6AF8 /* LaunchScreen.storyboard */; };
		E10B16E926A91DA400DD6AF8 /* TourismAPI.swift in Sources */ = {isa = PBXBuildFile; fileRef = E10B16E826A91DA400DD6AF8 /* TourismAPI.swift */; };
		E10B16EC26A91E9900DD6AF8 /* TourismAPIService.swift in Sources */ = {isa = PBXBuildFile; fileRef = E10B16EB26A91E9900DD6AF8 /* TourismAPIService.swift */; };
/* End PBXBuildFile section */

/* Begin PBXFileReference section */
		E10B16C726A91C6600DD6AF8 /* TourismApp.app */ = {isa = PBXFileReference; explicitFileType = wrapper.application; includeInIndex = 0; path = TourismApp.app; sourceTree = BUILT_PRODUCTS_DIR; };
		E10B16CA26A91C6600DD6AF8 /* AppDelegate.swift */ = {isa = PBXFileReference; lastKnownFileType = sourcecode.swift; path = AppDelegate.swift; sourceTree = "<group>"; };
		E10B16CC26A91C6600DD6AF8 /* SceneDelegate.swift */ = {isa = PBXFileReference; lastKnownFileType = sourcecode.swift; path = SceneDelegate.swift; sourceTree = "<group>"; };
		E10B16CE26A91C6600DD6AF8 /* ViewController.swift */ = {isa = PBXFileReference; lastKnownFileType = sourcecode.swift; path = ViewController.swift; sourceTree = "<group>"; };
		E10B16D126A91C6600DD6AF8 /* Base */ = {isa = PBXFileReference; lastKnownFileType = file.storyboard; name = Base; path = Base.lproj/Main.storyboard; sourceTree = "<group>"; };
		E10B16D426A91C6600DD6AF8 /* TourismApp.xcdatamodel */ = {isa = PBXFileReference; lastKnownFileType = wrapper.xcdatamodel; path = TourismApp.xcdatamodel; sourceTree = "<group>"; };
		E10B16D626A91C6700DD6AF8 /* Assets.xcassets */ = {isa = PBXFileReference; lastKnownFileType = folder.assetcatalog; path = Assets.xcassets; sourceTree = "<group>"; };
		E10B16D926A91C6700DD6AF8 /* Base */ = {isa = PBXFileReference; lastKnownFileType = file.storyboard; name = Base; path = Base.lproj/LaunchScreen.storyboard; sourceTree = "<group>"; };
		E10B16DB26A91C6700DD6AF8 /* Info.plist */ = {isa = PBXFileReference; lastKnownFileType = text.plist.xml; path = Info.plist; sourceTree = "<group>"; };
		E10B16E826A91DA400DD6AF8 /* TourismAPI.swift */ = {isa = PBXFileReference; lastKnownFileType = sourcecode.swift; path = TourismAPI.swift; sourceTree = "<group>"; };
		E10B16EB26A91E9900DD6AF8 /* TourismAPIService.swift */ = {isa = PBXFileReference; lastKnownFileType = sourcecode.swift; path = TourismAPIService.swift; sourceTree = "<group>"; };
/* End PBXFileReference section */

/* Begin PBXFrameworksBuildPhase section */
		E10B16C426A91C6600DD6AF8 /* Frameworks */ = {
			isa = PBXFrameworksBuildPhase;
			buildActionMask = 2147483647;
			files = (
			);
			runOnlyForDeploymentPostprocessing = 0;
		};
/* End PBXFrameworksBuildPhase section */

/* Begin PBXGroup section */
		E10B16BE26A91C6600DD6AF8 = {
			isa = PBXGroup;
			children = (
				E10B16C926A91C6600DD6AF8 /* TourismApp */,
				E10B16C826A91C6600DD6AF8 /* Products */,
			);
			sourceTree = "<group>";
		};
		E10B16C826A91C6600DD6AF8 /* Products */ = {
			isa = PBXGroup;
			children = (
				E10B16C726A91C6600DD6AF8 /* TourismApp.app */,
			);
			name = Products;
			sourceTree = "<group>";
		};
		E10B16C926A91C6600DD6AF8 /* TourismApp */ = {
			isa = PBXGroup;
			children = (
				E10B16CA26A91C6600DD6AF8 /* AppDelegate.swift */,
				E10B16CC26A91C6600DD6AF8 /* SceneDelegate.swift */,
				E10B16EA26A91E7F00DD6AF8 /* Services */,
				E10B16E426A91CDE00DD6AF8 /* Views */,
				E10B16E326A91CD800DD6AF8 /* Controllers */,
				E10B16E126A91CC100DD6AF8 /* Models */,
				E10B16CE26A91C6600DD6AF8 /* ViewController.swift */,
				E10B16D026A91C6600DD6AF8 /* Main.storyboard */,
				E10B16D626A91C6700DD6AF8 /* Assets.xcassets */,
				E10B16D826A91C6700DD6AF8 /* LaunchScreen.storyboard */,
				E10B16DB26A91C6700DD6AF8 /* Info.plist */,
				E10B16D326A91C6600DD6AF8 /* TourismApp.xcdatamodeld */,
			);
			path = TourismApp;
			sourceTree = "<group>";
		};
		E10B16E126A91CC100DD6AF8 /* Models */ = {
			isa = PBXGroup;
			children = (
				E10B16E726A91D1100DD6AF8 /* API */,
			);
			path = Models;
			sourceTree = "<group>";
		};
		E10B16E326A91CD800DD6AF8 /* Controllers */ = {
			isa = PBXGroup;
			children = (
			);
			path = Controllers;
			sourceTree = "<group>";
		};
		E10B16E426A91CDE00DD6AF8 /* Views */ = {
			isa = PBXGroup;
			children = (
				E10B16E626A91CEB00DD6AF8 /* Cells */,
				E10B16E526A91CE300DD6AF8 /* Storyboards */,
			);
			path = Views;
			sourceTree = "<group>";
		};
		E10B16E526A91CE300DD6AF8 /* Storyboards */ = {
			isa = PBXGroup;
			children = (
			);
			path = Storyboards;
			sourceTree = "<group>";
		};
		E10B16E626A91CEB00DD6AF8 /* Cells */ = {
			isa = PBXGroup;
			children = (
			);
			path = Cells;
			sourceTree = "<group>";
		};
		E10B16E726A91D1100DD6AF8 /* API */ = {
			isa = PBXGroup;
			children = (
				E10B16E826A91DA400DD6AF8 /* TourismAPI.swift */,
			);
			path = API;
			sourceTree = "<group>";
		};
		E10B16EA26A91E7F00DD6AF8 /* Services */ = {
			isa = PBXGroup;
			children = (
				E10B16EB26A91E9900DD6AF8 /* TourismAPIService.swift */,
			);
			path = Services;
			sourceTree = "<group>";
		};
/* End PBXGroup section */

/* Begin PBXNativeTarget section */
		E10B16C626A91C6600DD6AF8 /* TourismApp */ = {
			isa = PBXNativeTarget;
			buildConfigurationList = E10B16DE26A91C6700DD6AF8 /* Build configuration list for PBXNativeTarget "TourismApp" */;
			buildPhases = (
				E10B16C326A91C6600DD6AF8 /* Sources */,
				E10B16C426A91C6600DD6AF8 /* Frameworks */,
				E10B16C526A91C6600DD6AF8 /* Resources */,
			);
			buildRules = (
			);
			dependencies = (
			);
			name = TourismApp;
			productName = TourismApp;
			productReference = E10B16C726A91C6600DD6AF8 /* TourismApp.app */;
			productType = "com.apple.product-type.application";
		};
/* End PBXNativeTarget section */

/* Begin PBXProject section */
		E10B16BF26A91C6600DD6AF8 /* Project object */ = {
			isa = PBXProject;
			attributes = {
				LastSwiftUpdateCheck = 1250;
				LastUpgradeCheck = 1250;
				TargetAttributes = {
					E10B16C626A91C6600DD6AF8 = {
						CreatedOnToolsVersion = 12.5.1;
					};
				};
			};
			buildConfigurationList = E10B16C226A91C6600DD6AF8 /* Build configuration list for PBXProject "TourismApp" */;
			compatibilityVersion = "Xcode 9.3";
			developmentRegion = en;
			hasScannedForEncodings = 0;
			knownRegions = (
				en,
				Base,
			);
			mainGroup = E10B16BE26A91C6600DD6AF8;
			productRefGroup = E10B16C826A91C6600DD6AF8 /* Products */;
			projectDirPath = "";
			projectRoot = "";
			targets = (
				E10B16C626A91C6600DD6AF8 /* TourismApp */,
			);
		};
/* End PBXProject section */

/* Begin PBXResourcesBuildPhase section */
		E10B16C526A91C6600DD6AF8 /* Resources */ = {
			isa = PBXResourcesBuildPhase;
			buildActionMask = 2147483647;
			files = (
				E10B16DA26A91C6700DD6AF8 /* LaunchScreen.storyboard in Resources */,
				E10B16D726A91C6700DD6AF8 /* Assets.xcassets in Resources */,
				E10B16D226A91C6600DD6AF8 /* Main.storyboard in Resources */,
			);
			runOnlyForDeploymentPostprocessing = 0;
		};
/* End PBXResourcesBuildPhase section */

/* Begin PBXSourcesBuildPhase section */
		E10B16C326A91C6600DD6AF8 /* Sources */ = {
			isa = PBXSourcesBuildPhase;
			buildActionMask = 2147483647;
			files = (
				E10B16E926A91DA400DD6AF8 /* TourismAPI.swift in Sources */,
				E10B16CF26A91C6600DD6AF8 /* ViewController.swift in Sources */,
				E10B16CB26A91C6600DD6AF8 /* AppDelegate.swift in Sources */,
				E10B16CD26A91C6600DD6AF8 /* SceneDelegate.swift in Sources */,
				E10B16EC26A91E9900DD6AF8 /* TourismAPIService.swift in Sources */,
				E10B16D526A91C6600DD6AF8 /* TourismApp.xcdatamodeld in Sources */,
			);
			runOnlyForDeploymentPostprocessing = 0;
		};
/* End PBXSourcesBuildPhase section */

/* Begin PBXVariantGroup section */
		E10B16D026A91C6600DD6AF8 /* Main.storyboard */ = {
			isa = PBXVariantGroup;
			children = (
				E10B16D126A91C6600DD6AF8 /* Base */,
			);
			name = Main.storyboard;
			sourceTree = "<group>";
		};
		E10B16D826A91C6700DD6AF8 /* LaunchScreen.storyboard */ = {
			isa = PBXVariantGroup;
			children = (
				E10B16D926A91C6700DD6AF8 /* Base */,
			);
			name = LaunchScreen.storyboard;
			sourceTree = "<group>";
		};
/* End PBXVariantGroup section */

/* Begin XCBuildConfiguration section */
		E10B16DC26A91C6700DD6AF8 /* Debug */ = {
			isa = XCBuildConfiguration;
			buildSettings = {
				ALWAYS_SEARCH_USER_PATHS = NO;
				CLANG_ANALYZER_NONNULL = YES;
				CLANG_ANALYZER_NUMBER_OBJECT_CONVERSION = YES_AGGRESSIVE;
				CLANG_CXX_LANGUAGE_STANDARD = "gnu++14";
				CLANG_CXX_LIBRARY = "libc++";
				CLANG_ENABLE_MODULES = YES;
				CLANG_ENABLE_OBJC_ARC = YES;
				CLANG_ENABLE_OBJC_WEAK = YES;
				CLANG_WARN_BLOCK_CAPTURE_AUTORELEASING = YES;
				CLANG_WARN_BOOL_CONVERSION = YES;
				CLANG_WARN_COMMA = YES;
				CLANG_WARN_CONSTANT_CONVERSION = YES;
				CLANG_WARN_DEPRECATED_OBJC_IMPLEMENTATIONS = YES;
				CLANG_WARN_DIRECT_OBJC_ISA_USAGE = YES_ERROR;
				CLANG_WARN_DOCUMENTATION_COMMENTS = YES;
				CLANG_WARN_EMPTY_BODY = YES;
				CLANG_WARN_ENUM_CONVERSION = YES;
				CLANG_WARN_INFINITE_RECURSION = YES;
				CLANG_WARN_INT_CONVERSION = YES;
				CLANG_WARN_NON_LITERAL_NULL_CONVERSION = YES;
				CLANG_WARN_OBJC_IMPLICIT_RETAIN_SELF = YES;
				CLANG_WARN_OBJC_LITERAL_CONVERSION = YES;
				CLANG_WARN_OBJC_ROOT_CLASS = YES_ERROR;
				CLANG_WARN_QUOTED_INCLUDE_IN_FRAMEWORK_HEADER = YES;
				CLANG_WARN_RANGE_LOOP_ANALYSIS = YES;
				CLANG_WARN_STRICT_PROTOTYPES = YES;
				CLANG_WARN_SUSPICIOUS_MOVE = YES;
				CLANG_WARN_UNGUARDED_AVAILABILITY = YES_AGGRESSIVE;
				CLANG_WARN_UNREACHABLE_CODE = YES;
				CLANG_WARN__DUPLICATE_METHOD_MATCH = YES;
				COPY_PHASE_STRIP = NO;
				DEBUG_INFORMATION_FORMAT = dwarf;
				ENABLE_STRICT_OBJC_MSGSEND = YES;
				ENABLE_TESTABILITY = YES;
				GCC_C_LANGUAGE_STANDARD = gnu11;
				GCC_DYNAMIC_NO_PIC = NO;
				GCC_NO_COMMON_BLOCKS = YES;
				GCC_OPTIMIZATION_LEVEL = 0;
				GCC_PREPROCESSOR_DEFINITIONS = (
					"DEBUG=1",
					"$(inherited)",
				);
				GCC_WARN_64_TO_32_BIT_CONVERSION = YES;
				GCC_WARN_ABOUT_RETURN_TYPE = YES_ERROR;
				GCC_WARN_UNDECLARED_SELECTOR = YES;
				GCC_WARN_UNINITIALIZED_AUTOS = YES_AGGRESSIVE;
				GCC_WARN_UNUSED_FUNCTION = YES;
				GCC_WARN_UNUSED_VARIABLE = YES;
				IPHONEOS_DEPLOYMENT_TARGET = 14.5;
				MTL_ENABLE_DEBUG_INFO = INCLUDE_SOURCE;
				MTL_FAST_MATH = YES;
				ONLY_ACTIVE_ARCH = YES;
				SDKROOT = iphoneos;
				SWIFT_ACTIVE_COMPILATION_CONDITIONS = DEBUG;
				SWIFT_OPTIMIZATION_LEVEL = "-Onone";
			};
			name = Debug;
		};
		E10B16DD26A91C6700DD6AF8 /* Release */ = {
			isa = XCBuildConfiguration;
			buildSettings = {
				ALWAYS_SEARCH_USER_PATHS = NO;
				CLANG_ANALYZER_NONNULL = YES;
				CLANG_ANALYZER_NUMBER_OBJECT_CONVERSION = YES_AGGRESSIVE;
				CLANG_CXX_LANGUAGE_STANDARD = "gnu++14";
				CLANG_CXX_LIBRARY = "libc++";
				CLANG_ENABLE_MODULES = YES;
				CLANG_ENABLE_OBJC_ARC = YES;
				CLANG_ENABLE_OBJC_WEAK = YES;
				CLANG_WARN_BLOCK_CAPTURE_AUTORELEASING = YES;
				CLANG_WARN_BOOL_CONVERSION = YES;
				CLANG_WARN_COMMA = YES;
				CLANG_WARN_CONSTANT_CONVERSION = YES;
				CLANG_WARN_DEPRECATED_OBJC_IMPLEMENTATIONS = YES;
				CLANG_WARN_DIRECT_OBJC_ISA_USAGE = YES_ERROR;
				CLANG_WARN_DOCUMENTATION_COMMENTS = YES;
				CLANG_WARN_EMPTY_BODY = YES;
				CLANG_WARN_ENUM_CONVERSION = YES;
				CLANG_WARN_INFINITE_RECURSION = YES;
				CLANG_WARN_INT_CONVERSION = YES;
				CLANG_WARN_NON_LITERAL_NULL_CONVERSION = YES;
				CLANG_WARN_OBJC_IMPLICIT_RETAIN_SELF = YES;
				CLANG_WARN_OBJC_LITERAL_CONVERSION = YES;
				CLANG_WARN_OBJC_ROOT_CLASS = YES_ERROR;
				CLANG_WARN_QUOTED_INCLUDE_IN_FRAMEWORK_HEADER = YES;
				CLANG_WARN_RANGE_LOOP_ANALYSIS = YES;
				CLANG_WARN_STRICT_PROTOTYPES = YES;
				CLANG_WARN_SUSPICIOUS_MOVE = YES;
				CLANG_WARN_UNGUARDED_AVAILABILITY = YES_AGGRESSIVE;
				CLANG_WARN_UNREACHABLE_CODE = YES;
				CLANG_WARN__DUPLICATE_METHOD_MATCH = YES;
				COPY_PHASE_STRIP = NO;
				DEBUG_INFORMATION_FORMAT = "dwarf-with-dsym";
				ENABLE_NS_ASSERTIONS = NO;
				ENABLE_STRICT_OBJC_MSGSEND = YES;
				GCC_C_LANGUAGE_STANDARD = gnu11;
				GCC_NO_COMMON_BLOCKS = YES;
				GCC_WARN_64_TO_32_BIT_CONVERSION = YES;
				GCC_WARN_ABOUT_RETURN_TYPE = YES_ERROR;
				GCC_WARN_UNDECLARED_SELECTOR = YES;
				GCC_WARN_UNINITIALIZED_AUTOS = YES_AGGRESSIVE;
				GCC_WARN_UNUSED_FUNCTION = YES;
				GCC_WARN_UNUSED_VARIABLE = YES;
				IPHONEOS_DEPLOYMENT_TARGET = 14.5;
				MTL_ENABLE_DEBUG_INFO = NO;
				MTL_FAST_MATH = YES;
				SDKROOT = iphoneos;
				SWIFT_COMPILATION_MODE = wholemodule;
				SWIFT_OPTIMIZATION_LEVEL = "-O";
				VALIDATE_PRODUCT = YES;
			};
			name = Release;
		};
		E10B16DF26A91C6700DD6AF8 /* Debug */ = {
			isa = XCBuildConfiguration;
			buildSettings = {
				ASSETCATALOG_COMPILER_APPICON_NAME = AppIcon;
				ASSETCATALOG_COMPILER_GLOBAL_ACCENT_COLOR_NAME = AccentColor;
				CODE_SIGN_STYLE = Automatic;
				DEVELOPMENT_TEAM = A5LXCCW6FT;
				INFOPLIST_FILE = TourismApp/Info.plist;
				LD_RUNPATH_SEARCH_PATHS = (
					"$(inherited)",
					"@executable_path/Frameworks",
				);
				PRODUCT_BUNDLE_IDENTIFIER = com.luisgenesius.TourismApp;
				PRODUCT_NAME = "$(TARGET_NAME)";
				SWIFT_VERSION = 5.0;
				TARGETED_DEVICE_FAMILY = 1;
			};
			name = Debug;
		};
		E10B16E026A91C6700DD6AF8 /* Release */ = {
			isa = XCBuildConfiguration;
			buildSettings = {
				ASSETCATALOG_COMPILER_APPICON_NAME = AppIcon;
				ASSETCATALOG_COMPILER_GLOBAL_ACCENT_COLOR_NAME = AccentColor;
				CODE_SIGN_STYLE = Automatic;
				DEVELOPMENT_TEAM = A5LXCCW6FT;
				INFOPLIST_FILE = TourismApp/Info.plist;
				LD_RUNPATH_SEARCH_PATHS = (
					"$(inherited)",
					"@executable_path/Frameworks",
				);
				PRODUCT_BUNDLE_IDENTIFIER = com.luisgenesius.TourismApp;
				PRODUCT_NAME = "$(TARGET_NAME)";
				SWIFT_VERSION = 5.0;
				TARGETED_DEVICE_FAMILY = 1;
			};
			name = Release;
		};
/* End XCBuildConfiguration section */

/* Begin XCConfigurationList section */
		E10B16C226A91C6600DD6AF8 /* Build configuration list for PBXProject "TourismApp" */ = {
			isa = XCConfigurationList;
			buildConfigurations = (
				E10B16DC26A91C6700DD6AF8 /* Debug */,
				E10B16DD26A91C6700DD6AF8 /* Release */,
			);
			defaultConfigurationIsVisible = 0;
			defaultConfigurationName = Release;
		};
		E10B16DE26A91C6700DD6AF8 /* Build configuration list for PBXNativeTarget "TourismApp" */ = {
			isa = XCConfigurationList;
			buildConfigurations = (
				E10B16DF26A91C6700DD6AF8 /* Debug */,
				E10B16E026A91C6700DD6AF8 /* Release */,
			);
			defaultConfigurationIsVisible = 0;
			defaultConfigurationName = Release;
		};
/* End XCConfigurationList section */

/* Begin XCVersionGroup section */
		E10B16D326A91C6600DD6AF8 /* TourismApp.xcdatamodeld */ = {
			isa = XCVersionGroup;
			children = (
				E10B16D426A91C6600DD6AF8 /* TourismApp.xcdatamodel */,
			);
			currentVersion = E10B16D426A91C6600DD6AF8 /* TourismApp.xcdatamodel */;
			path = TourismApp.xcdatamodeld;
			sourceTree = "<group>";
			versionGroupType = wrapper.xcdatamodel;
		};
/* End XCVersionGroup section */
	};
	rootObject = E10B16BF26A91C6600DD6AF8 /* Project object */;
}
